
Microsoft Visual Studio Solution File, Format Version 12.00
# Visual Studio Version 17
VisualStudioVersion = 17.0.31903.59
MinimumVisualStudioVersion = 10.0.40219.1
Project("{FAE04EC0-301F-11D3-BF4B-00C04F79EFBC}") = "servers-integration-webapi", "servers-integration-webapi\servers-integration-webapi.csproj", "{726BCA49-CC8C-4A1D-AE00-1D31C198970C}"
EndProject
Project("{FAE04EC0-301F-11D3-BF4B-00C04F79EFBC}") = "servers-integration-webapi-client", "servers-integration-webapi-client\servers-integration-webapi-client.csproj", "{2048EA3B-0C2F-4959-92C1-32A3195AC4C2}"
EndProject
Project("{FAE04EC0-301F-11D3-BF4B-00C04F79EFBC}") = "servers-integration-webapi-abstractions", "servers-integration-webapi-abstractions\servers-integration-webapi-abstractions.csproj", "{56C79EEB-4372-4E9B-8A84-C751A98C0393}"
EndProject
Project("{FAE04EC0-301F-11D3-BF4B-00C04F79EFBC}") = "servers-integration-webapi-client.Tests", "servers-integration-webapi-client.Tests\servers-integration-webapi-client.Tests.csproj", "{B5040F40-32A5-491C-B328-29A6233BE4EE}"
EndProject
Project("{FAE04EC0-301F-11D3-BF4B-00C04F79EFBC}") = "servers-integration-webapi.Tests", "servers-integration-webapi.Tests\servers-integration-webapi.Tests.csproj", "{06DC2E63-EF66-4208-BBD9-1398C4FF0E79}"
EndProject
Project("{FAE04EC0-301F-11D3-BF4B-00C04F79EFBC}") = "servers-integration-webapi.IntegrationTests", "servers-integration-webapi.IntegrationTests\servers-integration-webapi.IntegrationTests.csproj", "{74D53713-08AD-454A-9E5B-FCABBB9BECEC}"
EndProject
Global
	GlobalSection(SolutionConfigurationPlatforms) = preSolution
		Debug|Any CPU = Debug|Any CPU
		Release|Any CPU = Release|Any CPU
	EndGlobalSection
	GlobalSection(SolutionProperties) = preSolution
		HideSolutionNode = FALSE
	EndGlobalSection
	GlobalSection(ProjectConfigurationPlatforms) = postSolution
		{726BCA49-CC8C-4A1D-AE00-1D31C198970C}.Debug|Any CPU.ActiveCfg = Debug|Any CPU
		{726BCA49-CC8C-4A1D-AE00-1D31C198970C}.Debug|Any CPU.Build.0 = Debug|Any CPU
		{726BCA49-CC8C-4A1D-AE00-1D31C198970C}.Release|Any CPU.ActiveCfg = Release|Any CPU
		{726BCA49-CC8C-4A1D-AE00-1D31C198970C}.Release|Any CPU.Build.0 = Release|Any CPU
		{2048EA3B-0C2F-4959-92C1-32A3195AC4C2}.Debug|Any CPU.ActiveCfg = Debug|Any CPU
		{2048EA3B-0C2F-4959-92C1-32A3195AC4C2}.Debug|Any CPU.Build.0 = Debug|Any CPU
		{2048EA3B-0C2F-4959-92C1-32A3195AC4C2}.Release|Any CPU.ActiveCfg = Release|Any CPU
		{2048EA3B-0C2F-4959-92C1-32A3195AC4C2}.Release|Any CPU.Build.0 = Release|Any CPU
		{56C79EEB-4372-4E9B-8A84-C751A98C0393}.Debug|Any CPU.ActiveCfg = Debug|Any CPU
		{56C79EEB-4372-4E9B-8A84-C751A98C0393}.Debug|Any CPU.Build.0 = Debug|Any CPU
		{56C79EEB-4372-4E9B-8A84-C751A98C0393}.Release|Any CPU.ActiveCfg = Release|Any CPU
		{56C79EEB-4372-4E9B-8A84-C751A98C0393}.Release|Any CPU.Build.0 = Release|Any CPU
		{B5040F40-32A5-491C-B328-29A6233BE4EE}.Debug|Any CPU.ActiveCfg = Debug|Any CPU
		{B5040F40-32A5-491C-B328-29A6233BE4EE}.Debug|Any CPU.Build.0 = Debug|Any CPU
		{B5040F40-32A5-491C-B328-29A6233BE4EE}.Release|Any CPU.ActiveCfg = Release|Any CPU
		{B5040F40-32A5-491C-B328-29A6233BE4EE}.Release|Any CPU.Build.0 = Release|Any CPU
		{06DC2E63-EF66-4208-BBD9-1398C4FF0E79}.Debug|Any CPU.ActiveCfg = Debug|Any CPU
		{06DC2E63-EF66-4208-BBD9-1398C4FF0E79}.Debug|Any CPU.Build.0 = Debug|Any CPU
		{06DC2E63-EF66-4208-BBD9-1398C4FF0E79}.Release|Any CPU.ActiveCfg = Release|Any CPU
		{06DC2E63-EF66-4208-BBD9-1398C4FF0E79}.Release|Any CPU.Build.0 = Release|Any CPU
		{74D53713-08AD-454A-9E5B-FCABBB9BECEC}.Debug|Any CPU.ActiveCfg = Debug|Any CPU
		{74D53713-08AD-454A-9E5B-FCABBB9BECEC}.Debug|Any CPU.Build.0 = Debug|Any CPU
		{74D53713-08AD-454A-9E5B-FCABBB9BECEC}.Release|Any CPU.ActiveCfg = Release|Any CPU
		{74D53713-08AD-454A-9E5B-FCABBB9BECEC}.Release|Any CPU.Build.0 = Release|Any CPU
	EndGlobalSection
EndGlobal
