
Microsoft Visual Studio Solution File, Format Version 12.00
# Visual Studio Version 17
VisualStudioVersion = 17.0.31903.59
MinimumVisualStudioVersion = 10.0.40219.1
Project("{FAE04EC0-301F-11D3-BF4B-00C04F79EFBC}") = "XtremeIdiots.Portal.Integrations.Servers.Api.V1", "XtremeIdiots.Portal.Integrations.Servers.Api.V1\XtremeIdiots.Portal.Integrations.Servers.Api.V1.csproj", "{726BCA49-CC8C-4A1D-AE00-1D31C198970C}"
EndProject
Project("{FAE04EC0-301F-11D3-BF4B-00C04F79EFBC}") = "XtremeIdiots.Portal.Integrations.Servers.Api.Client.V1", "XtremeIdiots.Portal.Integrations.Servers.Api.Client.V1\XtremeIdiots.Portal.Integrations.Servers.Api.Client.V1.csproj", "{2048EA3B-0C2F-4959-92C1-32A3195AC4C2}"
EndProject
Project("{FAE04EC0-301F-11D3-BF4B-00C04F79EFBC}") = "XtremeIdiots.Portal.Integrations.Servers.Abstractions.V1", "XtremeIdiots.Portal.Integrations.Servers.Abstractions.V1\XtremeIdiots.Portal.Integrations.Servers.Abstractions.V1.csproj", "{56C79EEB-4372-4E9B-8A84-C751A98C0393}"
EndProject
Project("{FAE04EC0-301F-11D3-BF4B-00C04F79EFBC}") = "XtremeIdiots.Portal.Integrations.Servers.Api.Client.Tests.V1", "XtremeIdiots.Portal.Integrations.Servers.Api.Client.Tests.V1\XtremeIdiots.Portal.Integrations.Servers.Api.Client.Tests.V1.csproj", "{B5040F40-32A5-491C-B328-29A6233BE4EE}"
EndProject
Project("{FAE04EC0-301F-11D3-BF4B-00C04F79EFBC}") = "XtremeIdiots.Portal.Integrations.Servers.Api.Tests.V1", "XtremeIdiots.Portal.Integrations.Servers.Api.Tests.V1\XtremeIdiots.Portal.Integrations.Servers.Api.Tests.V1.csproj", "{06DC2E63-EF66-4208-BBD9-1398C4FF0E79}"
EndProject
Project("{FAE04EC0-301F-11D3-BF4B-00C04F79EFBC}") = "XtremeIdiots.Portal.Integrations.Servers.Api.IntegrationTests.V1", "XtremeIdiots.Portal.Integrations.Servers.Api.IntegrationTests.V1\XtremeIdiots.Portal.Integrations.Servers.Api.IntegrationTests.V1.csproj", "{74D53713-08AD-454A-9E5B-FCABBB9BECEC}"
EndProject
Project("{FAE04EC0-301F-11D3-BF4B-00C04F79EFBC}") = "XtremeIdiots.Portal.Integrations.Servers.Api.Client.Testing", "XtremeIdiots.Portal.Integrations.Servers.Api.Client.Testing\XtremeIdiots.Portal.Integrations.Servers.Api.Client.Testing.csproj", "{C4482181-D548-44EF-82B0-ECB9532F9AFD}"
EndProject
Project("{FAE04EC0-301F-11D3-BF4B-00C04F79EFBC}") = "XtremeIdiots.Portal.Integrations.Servers.Api.Client.Testing.Tests", "XtremeIdiots.Portal.Integrations.Servers.Api.Client.Testing.Tests\XtremeIdiots.Portal.Integrations.Servers.Api.Client.Testing.Tests.csproj", "{75FBBCF6-FD8C-431D-AAB8-B12B8C52C150}"
EndProject
Global
	GlobalSection(SolutionConfigurationPlatforms) = preSolution
		Debug|Any CPU = Debug|Any CPU
		Debug|x64 = Debug|x64
		Debug|x86 = Debug|x86
		Release|Any CPU = Release|Any CPU
		Release|x64 = Release|x64
		Release|x86 = Release|x86
	EndGlobalSection
	GlobalSection(ProjectConfigurationPlatforms) = postSolution
		{726BCA49-CC8C-4A1D-AE00-1D31C198970C}.Debug|Any CPU.ActiveCfg = Debug|Any CPU
		{726BCA49-CC8C-4A1D-AE00-1D31C198970C}.Debug|Any CPU.Build.0 = Debug|Any CPU
		{726BCA49-CC8C-4A1D-AE00-1D31C198970C}.Debug|x64.ActiveCfg = Debug|Any CPU
		{726BCA49-CC8C-4A1D-AE00-1D31C198970C}.Debug|x64.Build.0 = Debug|Any CPU
		{726BCA49-CC8C-4A1D-AE00-1D31C198970C}.Debug|x86.ActiveCfg = Debug|Any CPU
		{726BCA49-CC8C-4A1D-AE00-1D31C198970C}.Debug|x86.Build.0 = Debug|Any CPU
		{726BCA49-CC8C-4A1D-AE00-1D31C198970C}.Release|Any CPU.ActiveCfg = Release|Any CPU
		{726BCA49-CC8C-4A1D-AE00-1D31C198970C}.Release|Any CPU.Build.0 = Release|Any CPU
		{726BCA49-CC8C-4A1D-AE00-1D31C198970C}.Release|x64.ActiveCfg = Release|Any CPU
		{726BCA49-CC8C-4A1D-AE00-1D31C198970C}.Release|x64.Build.0 = Release|Any CPU
		{726BCA49-CC8C-4A1D-AE00-1D31C198970C}.Release|x86.ActiveCfg = Release|Any CPU
		{726BCA49-CC8C-4A1D-AE00-1D31C198970C}.Release|x86.Build.0 = Release|Any CPU
		{2048EA3B-0C2F-4959-92C1-32A3195AC4C2}.Debug|Any CPU.ActiveCfg = Debug|Any CPU
		{2048EA3B-0C2F-4959-92C1-32A3195AC4C2}.Debug|Any CPU.Build.0 = Debug|Any CPU
		{2048EA3B-0C2F-4959-92C1-32A3195AC4C2}.Debug|x64.ActiveCfg = Debug|Any CPU
		{2048EA3B-0C2F-4959-92C1-32A3195AC4C2}.Debug|x64.Build.0 = Debug|Any CPU
		{2048EA3B-0C2F-4959-92C1-32A3195AC4C2}.Debug|x86.ActiveCfg = Debug|Any CPU
		{2048EA3B-0C2F-4959-92C1-32A3195AC4C2}.Debug|x86.Build.0 = Debug|Any CPU
		{2048EA3B-0C2F-4959-92C1-32A3195AC4C2}.Release|Any CPU.ActiveCfg = Release|Any CPU
		{2048EA3B-0C2F-4959-92C1-32A3195AC4C2}.Release|Any CPU.Build.0 = Release|Any CPU
		{2048EA3B-0C2F-4959-92C1-32A3195AC4C2}.Release|x64.ActiveCfg = Release|Any CPU
		{2048EA3B-0C2F-4959-92C1-32A3195AC4C2}.Release|x64.Build.0 = Release|Any CPU
		{2048EA3B-0C2F-4959-92C1-32A3195AC4C2}.Release|x86.ActiveCfg = Release|Any CPU
		{2048EA3B-0C2F-4959-92C1-32A3195AC4C2}.Release|x86.Build.0 = Release|Any CPU
		{56C79EEB-4372-4E9B-8A84-C751A98C0393}.Debug|Any CPU.ActiveCfg = Debug|Any CPU
		{56C79EEB-4372-4E9B-8A84-C751A98C0393}.Debug|Any CPU.Build.0 = Debug|Any CPU
		{56C79EEB-4372-4E9B-8A84-C751A98C0393}.Debug|x64.ActiveCfg = Debug|Any CPU
		{56C79EEB-4372-4E9B-8A84-C751A98C0393}.Debug|x64.Build.0 = Debug|Any CPU
		{56C79EEB-4372-4E9B-8A84-C751A98C0393}.Debug|x86.ActiveCfg = Debug|Any CPU
		{56C79EEB-4372-4E9B-8A84-C751A98C0393}.Debug|x86.Build.0 = Debug|Any CPU
		{56C79EEB-4372-4E9B-8A84-C751A98C0393}.Release|Any CPU.ActiveCfg = Release|Any CPU
		{56C79EEB-4372-4E9B-8A84-C751A98C0393}.Release|Any CPU.Build.0 = Release|Any CPU
		{56C79EEB-4372-4E9B-8A84-C751A98C0393}.Release|x64.ActiveCfg = Release|Any CPU
		{56C79EEB-4372-4E9B-8A84-C751A98C0393}.Release|x64.Build.0 = Release|Any CPU
		{56C79EEB-4372-4E9B-8A84-C751A98C0393}.Release|x86.ActiveCfg = Release|Any CPU
		{56C79EEB-4372-4E9B-8A84-C751A98C0393}.Release|x86.Build.0 = Release|Any CPU
		{B5040F40-32A5-491C-B328-29A6233BE4EE}.Debug|Any CPU.ActiveCfg = Debug|Any CPU
		{B5040F40-32A5-491C-B328-29A6233BE4EE}.Debug|Any CPU.Build.0 = Debug|Any CPU
		{B5040F40-32A5-491C-B328-29A6233BE4EE}.Debug|x64.ActiveCfg = Debug|Any CPU
		{B5040F40-32A5-491C-B328-29A6233BE4EE}.Debug|x64.Build.0 = Debug|Any CPU
		{B5040F40-32A5-491C-B328-29A6233BE4EE}.Debug|x86.ActiveCfg = Debug|Any CPU
		{B5040F40-32A5-491C-B328-29A6233BE4EE}.Debug|x86.Build.0 = Debug|Any CPU
		{B5040F40-32A5-491C-B328-29A6233BE4EE}.Release|Any CPU.ActiveCfg = Release|Any CPU
		{B5040F40-32A5-491C-B328-29A6233BE4EE}.Release|Any CPU.Build.0 = Release|Any CPU
		{B5040F40-32A5-491C-B328-29A6233BE4EE}.Release|x64.ActiveCfg = Release|Any CPU
		{B5040F40-32A5-491C-B328-29A6233BE4EE}.Release|x64.Build.0 = Release|Any CPU
		{B5040F40-32A5-491C-B328-29A6233BE4EE}.Release|x86.ActiveCfg = Release|Any CPU
		{B5040F40-32A5-491C-B328-29A6233BE4EE}.Release|x86.Build.0 = Release|Any CPU
		{06DC2E63-EF66-4208-BBD9-1398C4FF0E79}.Debug|Any CPU.ActiveCfg = Debug|Any CPU
		{06DC2E63-EF66-4208-BBD9-1398C4FF0E79}.Debug|Any CPU.Build.0 = Debug|Any CPU
		{06DC2E63-EF66-4208-BBD9-1398C4FF0E79}.Debug|x64.ActiveCfg = Debug|Any CPU
		{06DC2E63-EF66-4208-BBD9-1398C4FF0E79}.Debug|x64.Build.0 = Debug|Any CPU
		{06DC2E63-EF66-4208-BBD9-1398C4FF0E79}.Debug|x86.ActiveCfg = Debug|Any CPU
		{06DC2E63-EF66-4208-BBD9-1398C4FF0E79}.Debug|x86.Build.0 = Debug|Any CPU
		{06DC2E63-EF66-4208-BBD9-1398C4FF0E79}.Release|Any CPU.ActiveCfg = Release|Any CPU
		{06DC2E63-EF66-4208-BBD9-1398C4FF0E79}.Release|Any CPU.Build.0 = Release|Any CPU
		{06DC2E63-EF66-4208-BBD9-1398C4FF0E79}.Release|x64.ActiveCfg = Release|Any CPU
		{06DC2E63-EF66-4208-BBD9-1398C4FF0E79}.Release|x64.Build.0 = Release|Any CPU
		{06DC2E63-EF66-4208-BBD9-1398C4FF0E79}.Release|x86.ActiveCfg = Release|Any CPU
		{06DC2E63-EF66-4208-BBD9-1398C4FF0E79}.Release|x86.Build.0 = Release|Any CPU
		{74D53713-08AD-454A-9E5B-FCABBB9BECEC}.Debug|Any CPU.ActiveCfg = Debug|Any CPU
		{74D53713-08AD-454A-9E5B-FCABBB9BECEC}.Debug|Any CPU.Build.0 = Debug|Any CPU
		{74D53713-08AD-454A-9E5B-FCABBB9BECEC}.Debug|x64.ActiveCfg = Debug|Any CPU
		{74D53713-08AD-454A-9E5B-FCABBB9BECEC}.Debug|x64.Build.0 = Debug|Any CPU
		{74D53713-08AD-454A-9E5B-FCABBB9BECEC}.Debug|x86.ActiveCfg = Debug|Any CPU
		{74D53713-08AD-454A-9E5B-FCABBB9BECEC}.Debug|x86.Build.0 = Debug|Any CPU
		{74D53713-08AD-454A-9E5B-FCABBB9BECEC}.Release|Any CPU.ActiveCfg = Release|Any CPU
		{74D53713-08AD-454A-9E5B-FCABBB9BECEC}.Release|Any CPU.Build.0 = Release|Any CPU
		{74D53713-08AD-454A-9E5B-FCABBB9BECEC}.Release|x64.ActiveCfg = Release|Any CPU
		{74D53713-08AD-454A-9E5B-FCABBB9BECEC}.Release|x64.Build.0 = Release|Any CPU
		{74D53713-08AD-454A-9E5B-FCABBB9BECEC}.Release|x86.ActiveCfg = Release|Any CPU
		{74D53713-08AD-454A-9E5B-FCABBB9BECEC}.Release|x86.Build.0 = Release|Any CPU
		{C4482181-D548-44EF-82B0-ECB9532F9AFD}.Debug|Any CPU.ActiveCfg = Debug|Any CPU
		{C4482181-D548-44EF-82B0-ECB9532F9AFD}.Debug|Any CPU.Build.0 = Debug|Any CPU
		{C4482181-D548-44EF-82B0-ECB9532F9AFD}.Debug|x64.ActiveCfg = Debug|Any CPU
		{C4482181-D548-44EF-82B0-ECB9532F9AFD}.Debug|x64.Build.0 = Debug|Any CPU
		{C4482181-D548-44EF-82B0-ECB9532F9AFD}.Debug|x86.ActiveCfg = Debug|Any CPU
		{C4482181-D548-44EF-82B0-ECB9532F9AFD}.Debug|x86.Build.0 = Debug|Any CPU
		{C4482181-D548-44EF-82B0-ECB9532F9AFD}.Release|Any CPU.ActiveCfg = Release|Any CPU
		{C4482181-D548-44EF-82B0-ECB9532F9AFD}.Release|Any CPU.Build.0 = Release|Any CPU
		{C4482181-D548-44EF-82B0-ECB9532F9AFD}.Release|x64.ActiveCfg = Release|Any CPU
		{C4482181-D548-44EF-82B0-ECB9532F9AFD}.Release|x64.Build.0 = Release|Any CPU
		{C4482181-D548-44EF-82B0-ECB9532F9AFD}.Release|x86.ActiveCfg = Release|Any CPU
		{C4482181-D548-44EF-82B0-ECB9532F9AFD}.Release|x86.Build.0 = Release|Any CPU
		{75FBBCF6-FD8C-431D-AAB8-B12B8C52C150}.Debug|Any CPU.ActiveCfg = Debug|Any CPU
		{75FBBCF6-FD8C-431D-AAB8-B12B8C52C150}.Debug|Any CPU.Build.0 = Debug|Any CPU
		{75FBBCF6-FD8C-431D-AAB8-B12B8C52C150}.Debug|x64.ActiveCfg = Debug|Any CPU
		{75FBBCF6-FD8C-431D-AAB8-B12B8C52C150}.Debug|x64.Build.0 = Debug|Any CPU
		{75FBBCF6-FD8C-431D-AAB8-B12B8C52C150}.Debug|x86.ActiveCfg = Debug|Any CPU
		{75FBBCF6-FD8C-431D-AAB8-B12B8C52C150}.Debug|x86.Build.0 = Debug|Any CPU
		{75FBBCF6-FD8C-431D-AAB8-B12B8C52C150}.Release|Any CPU.ActiveCfg = Release|Any CPU
		{75FBBCF6-FD8C-431D-AAB8-B12B8C52C150}.Release|Any CPU.Build.0 = Release|Any CPU
		{75FBBCF6-FD8C-431D-AAB8-B12B8C52C150}.Release|x64.ActiveCfg = Release|Any CPU
		{75FBBCF6-FD8C-431D-AAB8-B12B8C52C150}.Release|x64.Build.0 = Release|Any CPU
		{75FBBCF6-FD8C-431D-AAB8-B12B8C52C150}.Release|x86.ActiveCfg = Release|Any CPU
		{75FBBCF6-FD8C-431D-AAB8-B12B8C52C150}.Release|x86.Build.0 = Release|Any CPU
	EndGlobalSection
	GlobalSection(SolutionProperties) = preSolution
		HideSolutionNode = FALSE
	EndGlobalSection
EndGlobal
